// !$*UTF8*$!
{
	archiveVersion = 1;
	classes = {
	};
	objectVersion = 50;
	objects = {

/* Begin PBXBuildFile section */
		3C2DE86323FD01EE00AA32FC /* AppDelegate.swift in Sources */ = {isa = PBXBuildFile; fileRef = 3C2DE86223FD01EE00AA32FC /* AppDelegate.swift */; };
		3C2DE86523FD01EE00AA32FC /* SceneDelegate.swift in Sources */ = {isa = PBXBuildFile; fileRef = 3C2DE86423FD01EE00AA32FC /* SceneDelegate.swift */; };
		3C2DE86723FD01EE00AA32FC /* ViewController.swift in Sources */ = {isa = PBXBuildFile; fileRef = 3C2DE86623FD01EE00AA32FC /* ViewController.swift */; };
		3C2DE86A23FD01EE00AA32FC /* Main.storyboard in Resources */ = {isa = PBXBuildFile; fileRef = 3C2DE86823FD01EE00AA32FC /* Main.storyboard */; };
		3C2DE86C23FD01EF00AA32FC /* Assets.xcassets in Resources */ = {isa = PBXBuildFile; fileRef = 3C2DE86B23FD01EF00AA32FC /* Assets.xcassets */; };
		3C2DE86F23FD01EF00AA32FC /* LaunchScreen.storyboard in Resources */ = {isa = PBXBuildFile; fileRef = 3C2DE86D23FD01EF00AA32FC /* LaunchScreen.storyboard */; };
		3C2DE87D23FD020D00AA32FC /* AppDelegate.swift in Sources */ = {isa = PBXBuildFile; fileRef = 3C2DE87C23FD020D00AA32FC /* AppDelegate.swift */; };
		3C2DE87F23FD020D00AA32FC /* SceneDelegate.swift in Sources */ = {isa = PBXBuildFile; fileRef = 3C2DE87E23FD020D00AA32FC /* SceneDelegate.swift */; };
		3C2DE88123FD020D00AA32FC /* ViewController.swift in Sources */ = {isa = PBXBuildFile; fileRef = 3C2DE88023FD020D00AA32FC /* ViewController.swift */; };
		3C2DE88423FD020D00AA32FC /* Main.storyboard in Resources */ = {isa = PBXBuildFile; fileRef = 3C2DE88223FD020D00AA32FC /* Main.storyboard */; };
		3C2DE88623FD020D00AA32FC /* Assets.xcassets in Resources */ = {isa = PBXBuildFile; fileRef = 3C2DE88523FD020D00AA32FC /* Assets.xcassets */; };
		3C2DE88923FD020D00AA32FC /* LaunchScreen.storyboard in Resources */ = {isa = PBXBuildFile; fileRef = 3C2DE88723FD020D00AA32FC /* LaunchScreen.storyboard */; };
/* End PBXBuildFile section */

/* Begin PBXFileReference section */
		3C2DE85F23FD01EE00AA32FC /* Shopping.app */ = {isa = PBXFileReference; explicitFileType = wrapper.application; includeInIndex = 0; path = Shopping.app; sourceTree = BUILT_PRODUCTS_DIR; };
		3C2DE86223FD01EE00AA32FC /* AppDelegate.swift */ = {isa = PBXFileReference; lastKnownFileType = sourcecode.swift; path = AppDelegate.swift; sourceTree = "<group>"; };
		3C2DE86423FD01EE00AA32FC /* SceneDelegate.swift */ = {isa = PBXFileReference; lastKnownFileType = sourcecode.swift; path = SceneDelegate.swift; sourceTree = "<group>"; };
		3C2DE86623FD01EE00AA32FC /* ViewController.swift */ = {isa = PBXFileReference; lastKnownFileType = sourcecode.swift; path = ViewController.swift; sourceTree = "<group>"; };
		3C2DE86923FD01EE00AA32FC /* Base */ = {isa = PBXFileReference; lastKnownFileType = file.storyboard; name = Base; path = Base.lproj/Main.storyboard; sourceTree = "<group>"; };
		3C2DE86B23FD01EF00AA32FC /* Assets.xcassets */ = {isa = PBXFileReference; lastKnownFileType = folder.assetcatalog; path = Assets.xcassets; sourceTree = "<group>"; };
		3C2DE86E23FD01EF00AA32FC /* Base */ = {isa = PBXFileReference; lastKnownFileType = file.storyboard; name = Base; path = Base.lproj/LaunchScreen.storyboard; sourceTree = "<group>"; };
		3C2DE87023FD01EF00AA32FC /* Info.plist */ = {isa = PBXFileReference; lastKnownFileType = text.plist.xml; path = Info.plist; sourceTree = "<group>"; };
		3C2DE87A23FD020D00AA32FC /* ShoppingAdmin.app */ = {isa = PBXFileReference; explicitFileType = wrapper.application; includeInIndex = 0; path = ShoppingAdmin.app; sourceTree = BUILT_PRODUCTS_DIR; };
		3C2DE87C23FD020D00AA32FC /* AppDelegate.swift */ = {isa = PBXFileReference; lastKnownFileType = sourcecode.swift; path = AppDelegate.swift; sourceTree = "<group>"; };
		3C2DE87E23FD020D00AA32FC /* SceneDelegate.swift */ = {isa = PBXFileReference; lastKnownFileType = sourcecode.swift; path = SceneDelegate.swift; sourceTree = "<group>"; };
		3C2DE88023FD020D00AA32FC /* ViewController.swift */ = {isa = PBXFileReference; lastKnownFileType = sourcecode.swift; path = ViewController.swift; sourceTree = "<group>"; };
		3C2DE88323FD020D00AA32FC /* Base */ = {isa = PBXFileReference; lastKnownFileType = file.storyboard; name = Base; path = Base.lproj/Main.storyboard; sourceTree = "<group>"; };
		3C2DE88523FD020D00AA32FC /* Assets.xcassets */ = {isa = PBXFileReference; lastKnownFileType = folder.assetcatalog; path = Assets.xcassets; sourceTree = "<group>"; };
		3C2DE88823FD020D00AA32FC /* Base */ = {isa = PBXFileReference; lastKnownFileType = file.storyboard; name = Base; path = Base.lproj/LaunchScreen.storyboard; sourceTree = "<group>"; };
		3C2DE88A23FD020D00AA32FC /* Info.plist */ = {isa = PBXFileReference; lastKnownFileType = text.plist.xml; path = Info.plist; sourceTree = "<group>"; };
/* End PBXFileReference section */

/* Begin PBXFrameworksBuildPhase section */
		3C2DE85C23FD01EE00AA32FC /* Frameworks */ = {
			isa = PBXFrameworksBuildPhase;
			buildActionMask = 2147483647;
			files = (
			);
			runOnlyForDeploymentPostprocessing = 0;
		};
		3C2DE87723FD020D00AA32FC /* Frameworks */ = {
			isa = PBXFrameworksBuildPhase;
			buildActionMask = 2147483647;
			files = (
			);
			runOnlyForDeploymentPostprocessing = 0;
		};
/* End PBXFrameworksBuildPhase section */

/* Begin PBXGroup section */
		3C2DE85623FD01EE00AA32FC = {
			isa = PBXGroup;
			children = (
				3C2DE86123FD01EE00AA32FC /* Shopping */,
				3C2DE87B23FD020D00AA32FC /* ShoppingAdmin */,
				3C2DE86023FD01EE00AA32FC /* Products */,
			);
			sourceTree = "<group>";
		};
		3C2DE86023FD01EE00AA32FC /* Products */ = {
			isa = PBXGroup;
			children = (
				3C2DE85F23FD01EE00AA32FC /* Shopping.app */,
				3C2DE87A23FD020D00AA32FC /* ShoppingAdmin.app */,
			);
			name = Products;
			sourceTree = "<group>";
		};
		3C2DE86123FD01EE00AA32FC /* Shopping */ = {
			isa = PBXGroup;
			children = (
				3C2DE86223FD01EE00AA32FC /* AppDelegate.swift */,
				3C2DE86423FD01EE00AA32FC /* SceneDelegate.swift */,
				3C2DE86623FD01EE00AA32FC /* ViewController.swift */,
				3C2DE86823FD01EE00AA32FC /* Main.storyboard */,
				3C2DE86B23FD01EF00AA32FC /* Assets.xcassets */,
				3C2DE86D23FD01EF00AA32FC /* LaunchScreen.storyboard */,
				3C2DE87023FD01EF00AA32FC /* Info.plist */,
			);
			path = Shopping;
			sourceTree = "<group>";
		};
		3C2DE87B23FD020D00AA32FC /* ShoppingAdmin */ = {
			isa = PBXGroup;
			children = (
				3C2DE87C23FD020D00AA32FC /* AppDelegate.swift */,
				3C2DE87E23FD020D00AA32FC /* SceneDelegate.swift */,
				3C2DE88023FD020D00AA32FC /* ViewController.swift */,
				3C2DE88223FD020D00AA32FC /* Main.storyboard */,
				3C2DE88523FD020D00AA32FC /* Assets.xcassets */,
				3C2DE88723FD020D00AA32FC /* LaunchScreen.storyboard */,
				3C2DE88A23FD020D00AA32FC /* Info.plist */,
			);
			path = ShoppingAdmin;
			sourceTree = "<group>";
		};
/* End PBXGroup section */

/* Begin PBXNativeTarget section */
		3C2DE85E23FD01EE00AA32FC /* Shopping */ = {
			isa = PBXNativeTarget;
			buildConfigurationList = 3C2DE87323FD01EF00AA32FC /* Build configuration list for PBXNativeTarget "Shopping" */;
			buildPhases = (
				3C2DE85B23FD01EE00AA32FC /* Sources */,
				3C2DE85C23FD01EE00AA32FC /* Frameworks */,
				3C2DE85D23FD01EE00AA32FC /* Resources */,
			);
			buildRules = (
			);
			dependencies = (
			);
			name = Shopping;
			productName = Shopping;
			productReference = 3C2DE85F23FD01EE00AA32FC /* Shopping.app */;
			productType = "com.apple.product-type.application";
		};
		3C2DE87923FD020D00AA32FC /* ShoppingAdmin */ = {
			isa = PBXNativeTarget;
			buildConfigurationList = 3C2DE88B23FD020D00AA32FC /* Build configuration list for PBXNativeTarget "ShoppingAdmin" */;
			buildPhases = (
				3C2DE87623FD020D00AA32FC /* Sources */,
				3C2DE87723FD020D00AA32FC /* Frameworks */,
				3C2DE87823FD020D00AA32FC /* Resources */,
			);
			buildRules = (
			);
			dependencies = (
			);
			name = ShoppingAdmin;
			productName = ShoppingAdmin;
			productReference = 3C2DE87A23FD020D00AA32FC /* ShoppingAdmin.app */;
			productType = "com.apple.product-type.application";
		};
/* End PBXNativeTarget section */

/* Begin PBXProject section */
		3C2DE85723FD01EE00AA32FC /* Project object */ = {
			isa = PBXProject;
			attributes = {
				LastSwiftUpdateCheck = 1130;
				LastUpgradeCheck = 1130;
				ORGANIZATIONNAME = Maori;
				TargetAttributes = {
					3C2DE85E23FD01EE00AA32FC = {
						CreatedOnToolsVersion = 11.3.1;
					};
					3C2DE87923FD020D00AA32FC = {
						CreatedOnToolsVersion = 11.3.1;
					};
				};
			};
			buildConfigurationList = 3C2DE85A23FD01EE00AA32FC /* Build configuration list for PBXProject "Shopping" */;
			compatibilityVersion = "Xcode 9.3";
			developmentRegion = en;
			hasScannedForEncodings = 0;
			knownRegions = (
				en,
				Base,
			);
			mainGroup = 3C2DE85623FD01EE00AA32FC;
			productRefGroup = 3C2DE86023FD01EE00AA32FC /* Products */;
			projectDirPath = "";
			projectRoot = "";
			targets = (
				3C2DE85E23FD01EE00AA32FC /* Shopping */,
				3C2DE87923FD020D00AA32FC /* ShoppingAdmin */,
			);
		};
/* End PBXProject section */

/* Begin PBXResourcesBuildPhase section */
		3C2DE85D23FD01EE00AA32FC /* Resources */ = {
			isa = PBXResourcesBuildPhase;
			buildActionMask = 2147483647;
			files = (
				3C2DE86F23FD01EF00AA32FC /* LaunchScreen.storyboard in Resources */,
				3C2DE86C23FD01EF00AA32FC /* Assets.xcassets in Resources */,
				3C2DE86A23FD01EE00AA32FC /* Main.storyboard in Resources */,
			);
			runOnlyForDeploymentPostprocessing = 0;
		};
		3C2DE87823FD020D00AA32FC /* Resources */ = {
			isa = PBXResourcesBuildPhase;
			buildActionMask = 2147483647;
			files = (
				3C2DE88923FD020D00AA32FC /* LaunchScreen.storyboard in Resources */,
				3C2DE88623FD020D00AA32FC /* Assets.xcassets in Resources */,
				3C2DE88423FD020D00AA32FC /* Main.storyboard in Resources */,
			);
			runOnlyForDeploymentPostprocessing = 0;
		};
/* End PBXResourcesBuildPhase section */

/* Begin PBXSourcesBuildPhase section */
		3C2DE85B23FD01EE00AA32FC /* Sources */ = {
			isa = PBXSourcesBuildPhase;
			buildActionMask = 2147483647;
			files = (
				3C2DE86723FD01EE00AA32FC /* ViewController.swift in Sources */,
				3C2DE86323FD01EE00AA32FC /* AppDelegate.swift in Sources */,
				3C2DE86523FD01EE00AA32FC /* SceneDelegate.swift in Sources */,
			);
			runOnlyForDeploymentPostprocessing = 0;
		};
		3C2DE87623FD020D00AA32FC /* Sources */ = {
			isa = PBXSourcesBuildPhase;
			buildActionMask = 2147483647;
			files = (
				3C2DE88123FD020D00AA32FC /* ViewController.swift in Sources */,
				3C2DE87D23FD020D00AA32FC /* AppDelegate.swift in Sources */,
				3C2DE87F23FD020D00AA32FC /* SceneDelegate.swift in Sources */,
			);
			runOnlyForDeploymentPostprocessing = 0;
		};
/* End PBXSourcesBuildPhase section */

/* Begin PBXVariantGroup section */
		3C2DE86823FD01EE00AA32FC /* Main.storyboard */ = {
			isa = PBXVariantGroup;
			children = (
				3C2DE86923FD01EE00AA32FC /* Base */,
			);
			name = Main.storyboard;
			sourceTree = "<group>";
		};
		3C2DE86D23FD01EF00AA32FC /* LaunchScreen.storyboard */ = {
			isa = PBXVariantGroup;
			children = (
				3C2DE86E23FD01EF00AA32FC /* Base */,
			);
			name = LaunchScreen.storyboard;
			sourceTree = "<group>";
		};
		3C2DE88223FD020D00AA32FC /* Main.storyboard */ = {
			isa = PBXVariantGroup;
			children = (
				3C2DE88323FD020D00AA32FC /* Base */,
			);
			name = Main.storyboard;
			sourceTree = "<group>";
		};
		3C2DE88723FD020D00AA32FC /* LaunchScreen.storyboard */ = {
			isa = PBXVariantGroup;
			children = (
				3C2DE88823FD020D00AA32FC /* Base */,
			);
			name = LaunchScreen.storyboard;
			sourceTree = "<group>";
		};
/* End PBXVariantGroup section */

/* Begin XCBuildConfiguration section */
		3C2DE87123FD01EF00AA32FC /* Debug */ = {
			isa = XCBuildConfiguration;
			buildSettings = {
				ALWAYS_SEARCH_USER_PATHS = NO;
				CLANG_ANALYZER_NONNULL = YES;
				CLANG_ANALYZER_NUMBER_OBJECT_CONVERSION = YES_AGGRESSIVE;
				CLANG_CXX_LANGUAGE_STANDARD = "gnu++14";
				CLANG_CXX_LIBRARY = "libc++";
				CLANG_ENABLE_MODULES = YES;
				CLANG_ENABLE_OBJC_ARC = YES;
				CLANG_ENABLE_OBJC_WEAK = YES;
				CLANG_WARN_BLOCK_CAPTURE_AUTORELEASING = YES;
				CLANG_WARN_BOOL_CONVERSION = YES;
				CLANG_WARN_COMMA = YES;
				CLANG_WARN_CONSTANT_CONVERSION = YES;
				CLANG_WARN_DEPRECATED_OBJC_IMPLEMENTATIONS = YES;
				CLANG_WARN_DIRECT_OBJC_ISA_USAGE = YES_ERROR;
				CLANG_WARN_DOCUMENTATION_COMMENTS = YES;
				CLANG_WARN_EMPTY_BODY = YES;
				CLANG_WARN_ENUM_CONVERSION = YES;
				CLANG_WARN_INFINITE_RECURSION = YES;
				CLANG_WARN_INT_CONVERSION = YES;
				CLANG_WARN_NON_LITERAL_NULL_CONVERSION = YES;
				CLANG_WARN_OBJC_IMPLICIT_RETAIN_SELF = YES;
				CLANG_WARN_OBJC_LITERAL_CONVERSION = YES;
				CLANG_WARN_OBJC_ROOT_CLASS = YES_ERROR;
				CLANG_WARN_RANGE_LOOP_ANALYSIS = YES;
				CLANG_WARN_STRICT_PROTOTYPES = YES;
				CLANG_WARN_SUSPICIOUS_MOVE = YES;
				CLANG_WARN_UNGUARDED_AVAILABILITY = YES_AGGRESSIVE;
				CLANG_WARN_UNREACHABLE_CODE = YES;
				CLANG_WARN__DUPLICATE_METHOD_MATCH = YES;
				COPY_PHASE_STRIP = NO;
				DEBUG_INFORMATION_FORMAT = dwarf;
				ENABLE_STRICT_OBJC_MSGSEND = YES;
				ENABLE_TESTABILITY = YES;
				GCC_C_LANGUAGE_STANDARD = gnu11;
				GCC_DYNAMIC_NO_PIC = NO;
				GCC_NO_COMMON_BLOCKS = YES;
				GCC_OPTIMIZATION_LEVEL = 0;
				GCC_PREPROCESSOR_DEFINITIONS = (
					"DEBUG=1",
					"$(inherited)",
				);
				GCC_WARN_64_TO_32_BIT_CONVERSION = YES;
				GCC_WARN_ABOUT_RETURN_TYPE = YES_ERROR;
				GCC_WARN_UNDECLARED_SELECTOR = YES;
				GCC_WARN_UNINITIALIZED_AUTOS = YES_AGGRESSIVE;
				GCC_WARN_UNUSED_FUNCTION = YES;
				GCC_WARN_UNUSED_VARIABLE = YES;
				IPHONEOS_DEPLOYMENT_TARGET = 13.2;
				MTL_ENABLE_DEBUG_INFO = INCLUDE_SOURCE;
				MTL_FAST_MATH = YES;
				ONLY_ACTIVE_ARCH = YES;
				SDKROOT = iphoneos;
				SWIFT_ACTIVE_COMPILATION_CONDITIONS = DEBUG;
				SWIFT_OPTIMIZATION_LEVEL = "-Onone";
			};
			name = Debug;
		};
		3C2DE87223FD01EF00AA32FC /* Release */ = {
			isa = XCBuildConfiguration;
			buildSettings = {
				ALWAYS_SEARCH_USER_PATHS = NO;
				CLANG_ANALYZER_NONNULL = YES;
				CLANG_ANALYZER_NUMBER_OBJECT_CONVERSION = YES_AGGRESSIVE;
				CLANG_CXX_LANGUAGE_STANDARD = "gnu++14";
				CLANG_CXX_LIBRARY = "libc++";
				CLANG_ENABLE_MODULES = YES;
				CLANG_ENABLE_OBJC_ARC = YES;
				CLANG_ENABLE_OBJC_WEAK = YES;
				CLANG_WARN_BLOCK_CAPTURE_AUTORELEASING = YES;
				CLANG_WARN_BOOL_CONVERSION = YES;
				CLANG_WARN_COMMA = YES;
				CLANG_WARN_CONSTANT_CONVERSION = YES;
				CLANG_WARN_DEPRECATED_OBJC_IMPLEMENTATIONS = YES;
				CLANG_WARN_DIRECT_OBJC_ISA_USAGE = YES_ERROR;
				CLANG_WARN_DOCUMENTATION_COMMENTS = YES;
				CLANG_WARN_EMPTY_BODY = YES;
				CLANG_WARN_ENUM_CONVERSION = YES;
				CLANG_WARN_INFINITE_RECURSION = YES;
				CLANG_WARN_INT_CONVERSION = YES;
				CLANG_WARN_NON_LITERAL_NULL_CONVERSION = YES;
				CLANG_WARN_OBJC_IMPLICIT_RETAIN_SELF = YES;
				CLANG_WARN_OBJC_LITERAL_CONVERSION = YES;
				CLANG_WARN_OBJC_ROOT_CLASS = YES_ERROR;
				CLANG_WARN_RANGE_LOOP_ANALYSIS = YES;
				CLANG_WARN_STRICT_PROTOTYPES = YES;
				CLANG_WARN_SUSPICIOUS_MOVE = YES;
				CLANG_WARN_UNGUARDED_AVAILABILITY = YES_AGGRESSIVE;
				CLANG_WARN_UNREACHABLE_CODE = YES;
				CLANG_WARN__DUPLICATE_METHOD_MATCH = YES;
				COPY_PHASE_STRIP = NO;
				DEBUG_INFORMATION_FORMAT = "dwarf-with-dsym";
				ENABLE_NS_ASSERTIONS = NO;
				ENABLE_STRICT_OBJC_MSGSEND = YES;
				GCC_C_LANGUAGE_STANDARD = gnu11;
				GCC_NO_COMMON_BLOCKS = YES;
				GCC_WARN_64_TO_32_BIT_CONVERSION = YES;
				GCC_WARN_ABOUT_RETURN_TYPE = YES_ERROR;
				GCC_WARN_UNDECLARED_SELECTOR = YES;
				GCC_WARN_UNINITIALIZED_AUTOS = YES_AGGRESSIVE;
				GCC_WARN_UNUSED_FUNCTION = YES;
				GCC_WARN_UNUSED_VARIABLE = YES;
				IPHONEOS_DEPLOYMENT_TARGET = 13.2;
				MTL_ENABLE_DEBUG_INFO = NO;
				MTL_FAST_MATH = YES;
				SDKROOT = iphoneos;
				SWIFT_COMPILATION_MODE = wholemodule;
				SWIFT_OPTIMIZATION_LEVEL = "-O";
				VALIDATE_PRODUCT = YES;
			};
			name = Release;
		};
		3C2DE87423FD01EF00AA32FC /* Debug */ = {
			isa = XCBuildConfiguration;
			buildSettings = {
				ASSETCATALOG_COMPILER_APPICON_NAME = AppIcon;
				CODE_SIGN_STYLE = Automatic;
				DEVELOPMENT_TEAM = 744HX28NP9;
				INFOPLIST_FILE = Shopping/Info.plist;
				LD_RUNPATH_SEARCH_PATHS = (
					"$(inherited)",
					"@executable_path/Frameworks",
				);
				PRODUCT_BUNDLE_IDENTIFIER = com.test.Shopping;
				PRODUCT_NAME = "$(TARGET_NAME)";
				SWIFT_VERSION = 5.0;
				TARGETED_DEVICE_FAMILY = "1,2";
			};
			name = Debug;
		};
		3C2DE87523FD01EF00AA32FC /* Release */ = {
			isa = XCBuildConfiguration;
			buildSettings = {
				ASSETCATALOG_COMPILER_APPICON_NAME = AppIcon;
				CODE_SIGN_STYLE = Automatic;
				DEVELOPMENT_TEAM = 744HX28NP9;
				INFOPLIST_FILE = Shopping/Info.plist;
				LD_RUNPATH_SEARCH_PATHS = (
					"$(inherited)",
					"@executable_path/Frameworks",
				);
				PRODUCT_BUNDLE_IDENTIFIER = com.test.Shopping;
				PRODUCT_NAME = "$(TARGET_NAME)";
				SWIFT_VERSION = 5.0;
				TARGETED_DEVICE_FAMILY = "1,2";
			};
			name = Release;
		};
		3C2DE88C23FD020D00AA32FC /* Debug */ = {
			isa = XCBuildConfiguration;
			buildSettings = {
				ASSETCATALOG_COMPILER_APPICON_NAME = AppIcon;
				CODE_SIGN_STYLE = Automatic;
				DEVELOPMENT_TEAM = 744HX28NP9;
				INFOPLIST_FILE = ShoppingAdmin/Info.plist;
				LD_RUNPATH_SEARCH_PATHS = (
					"$(inherited)",
					"@executable_path/Frameworks",
				);
				PRODUCT_BUNDLE_IDENTIFIER = com.test.ShoppingAdmin;
				PRODUCT_NAME = "$(TARGET_NAME)";
				SWIFT_VERSION = 5.0;
				TARGETED_DEVICE_FAMILY = "1,2";
			};
			name = Debug;
		};
		3C2DE88D23FD020D00AA32FC /* Release */ = {
			isa = XCBuildConfiguration;
			buildSettings = {
				ASSETCATALOG_COMPILER_APPICON_NAME = AppIcon;
				CODE_SIGN_STYLE = Automatic;
				DEVELOPMENT_TEAM = 744HX28NP9;
				INFOPLIST_FILE = ShoppingAdmin/Info.plist;
				LD_RUNPATH_SEARCH_PATHS = (
					"$(inherited)",
					"@executable_path/Frameworks",
				);
				PRODUCT_BUNDLE_IDENTIFIER = com.test.ShoppingAdmin;
				PRODUCT_NAME = "$(TARGET_NAME)";
				SWIFT_VERSION = 5.0;
				TARGETED_DEVICE_FAMILY = "1,2";
			};
			name = Release;
		};
/* End XCBuildConfiguration section */

/* Begin XCConfigurationList section */
		3C2DE85A23FD01EE00AA32FC /* Build configuration list for PBXProject "Shopping" */ = {
			isa = XCConfigurationList;
			buildConfigurations = (
				3C2DE87123FD01EF00AA32FC /* Debug */,
				3C2DE87223FD01EF00AA32FC /* Release */,
			);
			defaultConfigurationIsVisible = 0;
			defaultConfigurationName = Release;
		};
		3C2DE87323FD01EF00AA32FC /* Build configuration list for PBXNativeTarget "Shopping" */ = {
			isa = XCConfigurationList;
			buildConfigurations = (
				3C2DE87423FD01EF00AA32FC /* Debug */,
				3C2DE87523FD01EF00AA32FC /* Release */,
			);
			defaultConfigurationIsVisible = 0;
			defaultConfigurationName = Release;
		};
		3C2DE88B23FD020D00AA32FC /* Build configuration list for PBXNativeTarget "ShoppingAdmin" */ = {
			isa = XCConfigurationList;
			buildConfigurations = (
				3C2DE88C23FD020D00AA32FC /* Debug */,
				3C2DE88D23FD020D00AA32FC /* Release */,
			);
			defaultConfigurationIsVisible = 0;
			defaultConfigurationName = Release;
		};
/* End XCConfigurationList section */
	};
	rootObject = 3C2DE85723FD01EE00AA32FC /* Project object */;
}
